
Microsoft Visual Studio Solution File, Format Version 12.00
# Visual Studio Version 16
VisualStudioVersion = 16.0.30011.22
MinimumVisualStudioVersion = 10.0.40219.1
Project("{9A19103F-16F7-4668-BE54-9A1E7A4F7556}") = "CampaigTracker", "CampaigTracker\CampaigTracker.csproj", "{DF94446C-5494-484A-889E-78A06EF41060}"
EndProject
Project("{9A19103F-16F7-4668-BE54-9A1E7A4F7556}") = "Identity", "Identity\Identity.csproj", "{D7AD98D1-ACB3-4E2A-AC62-8AAB73A5FF5F}"
EndProject
Project("{9A19103F-16F7-4668-BE54-9A1E7A4F7556}") = "Factions", "Factions\Factions.csproj", "{BF7E55E2-A6D0-4F3E-AA43-A6804566EA01}"
EndProject
Project("{9A19103F-16F7-4668-BE54-9A1E7A4F7556}") = "Abstractions", "Abstractions\Abstractions.csproj", "{78F572E2-9471-475C-BC2F-41984D442EAA}"
EndProject
Project("{9A19103F-16F7-4668-BE54-9A1E7A4F7556}") = "DataAccess", "DataAccess\DataAccess.csproj", "{B174CADC-A68B-4F44-A659-598B05D0F88A}"
EndProject
Project("{2150E333-8FDC-42A3-9474-1A3956D46DE8}") = "MVC", "MVC", "{369ACBDE-BA46-4080-9BCD-C8F3025AB652}"
EndProject
Project("{2150E333-8FDC-42A3-9474-1A3956D46DE8}") = "OData", "OData", "{FAFCFAE4-2810-4668-8B00-7D9EF7EC538E}"
EndProject
Project("{2150E333-8FDC-42A3-9474-1A3956D46DE8}") = "Lib", "Lib", "{895B9CD8-5722-44E6-A400-D917A2E8F3E0}"
EndProject
Project("{2150E333-8FDC-42A3-9474-1A3956D46DE8}") = "Tests", "Tests", "{C1501BA2-5948-4AE9-B52D-A603820D52B2}"
EndProject
Project("{2150E333-8FDC-42A3-9474-1A3956D46DE8}") = "Tests", "Tests", "{4D89A2F6-7891-4E95-ABF0-62CECD46AA06}"
EndProject
Project("{FAE04EC0-301F-11D3-BF4B-00C04F79EFBC}") = "CampaignTracker.API", "CampaignTracker.API\CampaignTracker.API.csproj", "{36E45907-C1F7-49F2-9ED2-6BCDF6D4A804}"
EndProject
Project("{FAE04EC0-301F-11D3-BF4B-00C04F79EFBC}") = "CampaignTracker.Api.Controllers", "CampaignTracker.Api.Controllers\CampaignTracker.Api.Controllers.csproj", "{BF08CE7D-47DF-4BB4-A1DB-168DEE92D896}"
EndProject
Project("{2150E333-8FDC-42A3-9474-1A3956D46DE8}") = "Tests", "Tests", "{39B86D48-C860-4CB9-B295-610B608E85A6}"
EndProject
Project("{FAE04EC0-301F-11D3-BF4B-00C04F79EFBC}") = "Localisation", "Localisation\Localisation.csproj", "{0BCA28A5-E41A-43AA-BFAA-E3BC520E053B}"
EndProject
Global
	GlobalSection(SolutionConfigurationPlatforms) = preSolution
		Debug|Any CPU = Debug|Any CPU
		Release|Any CPU = Release|Any CPU
	EndGlobalSection
	GlobalSection(ProjectConfigurationPlatforms) = postSolution
		{DF94446C-5494-484A-889E-78A06EF41060}.Debug|Any CPU.ActiveCfg = Debug|Any CPU
		{DF94446C-5494-484A-889E-78A06EF41060}.Debug|Any CPU.Build.0 = Debug|Any CPU
		{DF94446C-5494-484A-889E-78A06EF41060}.Release|Any CPU.ActiveCfg = Release|Any CPU
		{DF94446C-5494-484A-889E-78A06EF41060}.Release|Any CPU.Build.0 = Release|Any CPU
		{D7AD98D1-ACB3-4E2A-AC62-8AAB73A5FF5F}.Debug|Any CPU.ActiveCfg = Debug|Any CPU
		{D7AD98D1-ACB3-4E2A-AC62-8AAB73A5FF5F}.Debug|Any CPU.Build.0 = Debug|Any CPU
		{D7AD98D1-ACB3-4E2A-AC62-8AAB73A5FF5F}.Release|Any CPU.ActiveCfg = Release|Any CPU
		{D7AD98D1-ACB3-4E2A-AC62-8AAB73A5FF5F}.Release|Any CPU.Build.0 = Release|Any CPU
		{BF7E55E2-A6D0-4F3E-AA43-A6804566EA01}.Debug|Any CPU.ActiveCfg = Debug|Any CPU
		{BF7E55E2-A6D0-4F3E-AA43-A6804566EA01}.Debug|Any CPU.Build.0 = Debug|Any CPU
		{BF7E55E2-A6D0-4F3E-AA43-A6804566EA01}.Release|Any CPU.ActiveCfg = Release|Any CPU
		{BF7E55E2-A6D0-4F3E-AA43-A6804566EA01}.Release|Any CPU.Build.0 = Release|Any CPU
		{78F572E2-9471-475C-BC2F-41984D442EAA}.Debug|Any CPU.ActiveCfg = Debug|Any CPU
		{78F572E2-9471-475C-BC2F-41984D442EAA}.Debug|Any CPU.Build.0 = Debug|Any CPU
		{78F572E2-9471-475C-BC2F-41984D442EAA}.Release|Any CPU.ActiveCfg = Release|Any CPU
		{78F572E2-9471-475C-BC2F-41984D442EAA}.Release|Any CPU.Build.0 = Release|Any CPU
		{B174CADC-A68B-4F44-A659-598B05D0F88A}.Debug|Any CPU.ActiveCfg = Debug|Any CPU
		{B174CADC-A68B-4F44-A659-598B05D0F88A}.Debug|Any CPU.Build.0 = Debug|Any CPU
		{B174CADC-A68B-4F44-A659-598B05D0F88A}.Release|Any CPU.ActiveCfg = Release|Any CPU
		{B174CADC-A68B-4F44-A659-598B05D0F88A}.Release|Any CPU.Build.0 = Release|Any CPU
		{36E45907-C1F7-49F2-9ED2-6BCDF6D4A804}.Debug|Any CPU.ActiveCfg = Debug|Any CPU
		{36E45907-C1F7-49F2-9ED2-6BCDF6D4A804}.Debug|Any CPU.Build.0 = Debug|Any CPU
		{36E45907-C1F7-49F2-9ED2-6BCDF6D4A804}.Release|Any CPU.ActiveCfg = Release|Any CPU
		{36E45907-C1F7-49F2-9ED2-6BCDF6D4A804}.Release|Any CPU.Build.0 = Release|Any CPU
		{BF08CE7D-47DF-4BB4-A1DB-168DEE92D896}.Debug|Any CPU.ActiveCfg = Debug|Any CPU
		{BF08CE7D-47DF-4BB4-A1DB-168DEE92D896}.Debug|Any CPU.Build.0 = Debug|Any CPU
		{BF08CE7D-47DF-4BB4-A1DB-168DEE92D896}.Release|Any CPU.ActiveCfg = Release|Any CPU
		{BF08CE7D-47DF-4BB4-A1DB-168DEE92D896}.Release|Any CPU.Build.0 = Release|Any CPU
		{0BCA28A5-E41A-43AA-BFAA-E3BC520E053B}.Debug|Any CPU.ActiveCfg = Debug|Any CPU
		{0BCA28A5-E41A-43AA-BFAA-E3BC520E053B}.Debug|Any CPU.Build.0 = Debug|Any CPU
		{0BCA28A5-E41A-43AA-BFAA-E3BC520E053B}.Release|Any CPU.ActiveCfg = Release|Any CPU
		{0BCA28A5-E41A-43AA-BFAA-E3BC520E053B}.Release|Any CPU.Build.0 = Release|Any CPU
	EndGlobalSection
	GlobalSection(SolutionProperties) = preSolution
		HideSolutionNode = FALSE
	EndGlobalSection
	GlobalSection(NestedProjects) = preSolution
		{DF94446C-5494-484A-889E-78A06EF41060} = {369ACBDE-BA46-4080-9BCD-C8F3025AB652}
		{D7AD98D1-ACB3-4E2A-AC62-8AAB73A5FF5F} = {895B9CD8-5722-44E6-A400-D917A2E8F3E0}
		{BF7E55E2-A6D0-4F3E-AA43-A6804566EA01} = {895B9CD8-5722-44E6-A400-D917A2E8F3E0}
		{78F572E2-9471-475C-BC2F-41984D442EAA} = {895B9CD8-5722-44E6-A400-D917A2E8F3E0}
		{B174CADC-A68B-4F44-A659-598B05D0F88A} = {895B9CD8-5722-44E6-A400-D917A2E8F3E0}
		{C1501BA2-5948-4AE9-B52D-A603820D52B2} = {369ACBDE-BA46-4080-9BCD-C8F3025AB652}
		{4D89A2F6-7891-4E95-ABF0-62CECD46AA06} = {895B9CD8-5722-44E6-A400-D917A2E8F3E0}
		{36E45907-C1F7-49F2-9ED2-6BCDF6D4A804} = {FAFCFAE4-2810-4668-8B00-7D9EF7EC538E}
		{BF08CE7D-47DF-4BB4-A1DB-168DEE92D896} = {FAFCFAE4-2810-4668-8B00-7D9EF7EC538E}
		{39B86D48-C860-4CB9-B295-610B608E85A6} = {FAFCFAE4-2810-4668-8B00-7D9EF7EC538E}
		{0BCA28A5-E41A-43AA-BFAA-E3BC520E053B} = {895B9CD8-5722-44E6-A400-D917A2E8F3E0}
	EndGlobalSection
	GlobalSection(ExtensibilityGlobals) = postSolution
		SolutionGuid = {AE6F4B37-B7B3-4DA9-A0DA-3730FB2E681A}
	EndGlobalSection
EndGlobal
